
Microsoft Visual Studio Solution File, Format Version 12.00
# Visual Studio 14
VisualStudioVersion = 14.0.25420.1
MinimumVisualStudioVersion = 10.0.40219.1
Project("{FAE04EC0-301F-11D3-BF4B-00C04F79EFBC}") = "ImporteVehiculos", "ImporteVehiculos\ImporteVehiculos.csproj", "{EE316114-2D9E-4270-B198-481E07F680A5}"
EndProject
Project("{FAE04EC0-301F-11D3-BF4B-00C04F79EFBC}") = "SerialKeyGenerator", "SerialKeyGenerator\SerialKeyGenerator.csproj", "{F927529D-B5BB-4206-B7E1-5648309C4A23}"
EndProject
Project("{54435603-DBB4-11D2-8724-00A0C9A8B90C}") = "JAautoImport", "JAautoImport\JAautoImport.vdproj", "{B5E90A38-E1C3-4076-910B-A9B339F8A7A0}"
EndProject
Project("{2150E333-8FDC-42A3-9474-1A3956D46DE8}") = "Solution Items", "Solution Items", "{86978704-96A3-47B4-9F5D-946B907E3A1D}"
	ProjectSection(SolutionItems) = preProject
		CarsImport.sql = CarsImport.sql
	EndProjectSection
EndProject
Global
	GlobalSection(SolutionConfigurationPlatforms) = preSolution
		Debug|Any CPU = Debug|Any CPU
		Debug|x86 = Debug|x86
		Release|Any CPU = Release|Any CPU
		Release|x86 = Release|x86
	EndGlobalSection
	GlobalSection(ProjectConfigurationPlatforms) = postSolution
		{EE316114-2D9E-4270-B198-481E07F680A5}.Debug|Any CPU.ActiveCfg = Debug|Any CPU
		{EE316114-2D9E-4270-B198-481E07F680A5}.Debug|Any CPU.Build.0 = Debug|Any CPU
		{EE316114-2D9E-4270-B198-481E07F680A5}.Debug|x86.ActiveCfg = Debug|x86
		{EE316114-2D9E-4270-B198-481E07F680A5}.Debug|x86.Build.0 = Debug|x86
		{EE316114-2D9E-4270-B198-481E07F680A5}.Release|Any CPU.ActiveCfg = Release|Any CPU
		{EE316114-2D9E-4270-B198-481E07F680A5}.Release|Any CPU.Build.0 = Release|Any CPU
		{EE316114-2D9E-4270-B198-481E07F680A5}.Release|x86.ActiveCfg = Release|x86
		{EE316114-2D9E-4270-B198-481E07F680A5}.Release|x86.Build.0 = Release|x86
		{F927529D-B5BB-4206-B7E1-5648309C4A23}.Debug|Any CPU.ActiveCfg = Debug|Any CPU
		{F927529D-B5BB-4206-B7E1-5648309C4A23}.Debug|Any CPU.Build.0 = Debug|Any CPU
		{F927529D-B5BB-4206-B7E1-5648309C4A23}.Debug|x86.ActiveCfg = Debug|x86
		{F927529D-B5BB-4206-B7E1-5648309C4A23}.Debug|x86.Build.0 = Debug|x86
		{F927529D-B5BB-4206-B7E1-5648309C4A23}.Release|Any CPU.ActiveCfg = Release|Any CPU
		{F927529D-B5BB-4206-B7E1-5648309C4A23}.Release|Any CPU.Build.0 = Release|Any CPU
		{F927529D-B5BB-4206-B7E1-5648309C4A23}.Release|x86.ActiveCfg = Release|x86
		{F927529D-B5BB-4206-B7E1-5648309C4A23}.Release|x86.Build.0 = Release|x86
		{B5E90A38-E1C3-4076-910B-A9B339F8A7A0}.Debug|Any CPU.ActiveCfg = Debug
		{B5E90A38-E1C3-4076-910B-A9B339F8A7A0}.Debug|x86.ActiveCfg = Debug
		{B5E90A38-E1C3-4076-910B-A9B339F8A7A0}.Release|Any CPU.ActiveCfg = Release
		{B5E90A38-E1C3-4076-910B-A9B339F8A7A0}.Release|x86.ActiveCfg = Release
	EndGlobalSection
	GlobalSection(SolutionProperties) = preSolution
		HideSolutionNode = FALSE
	EndGlobalSection
EndGlobal
